
Microsoft Visual Studio Solution File, Format Version 12.00
# Visual Studio Version 16
VisualStudioVersion = 16.0.30011.22
MinimumVisualStudioVersion = 10.0.40219.1
Project("{FAE04EC0-301F-11D3-BF4B-00C04F79EFBC}") = "Test", "Test\Test.csproj", "{0C4A886F-03BB-4E8A-8E0A-F88084E89710}"
EndProject
Project("{FAE04EC0-301F-11D3-BF4B-00C04F79EFBC}") = "DB", "DB\DB.csproj", "{3D45F3A1-0D9A-44AA-9FE2-376BD8E67557}"
EndProject
Project("{FAE04EC0-301F-11D3-BF4B-00C04F79EFBC}") = "Tools", "Tools\Tools.csproj", "{1751D37F-D94F-49BF-A708-60CE534D9DA4}"
EndProject
Project("{FAE04EC0-301F-11D3-BF4B-00C04F79EFBC}") = "DBManager", "MySqlDBManager\DBManager.csproj", "{EA7D2C0B-5F9B-458E-81F5-FD00707FEA58}"
EndProject
Project("{FAE04EC0-301F-11D3-BF4B-00C04F79EFBC}") = "Common", "Common\Common.csproj", "{525E0B8B-793E-4F69-9F82-28C929CB4DED}"
EndProject
Project("{FAE04EC0-301F-11D3-BF4B-00C04F79EFBC}") = "UserControlCollections", "UserControlCollections\UserControlCollections.csproj", "{AB5C86F0-DF6F-4523-9ED1-A504F6F1E057}"
EndProject
Project("{FAE04EC0-301F-11D3-BF4B-00C04F79EFBC}") = "IFY", "IFY\IFY.csproj", "{EBF4EA86-918F-4996-BA0B-3F997FC929C3}"
EndProject
Project("{FAE04EC0-301F-11D3-BF4B-00C04F79EFBC}") = "ConsoleTool", "ConsoleApp1\ConsoleTool.csproj", "{AE54903A-BB13-4EEC-A21C-290CF0FE5DDE}"
EndProject
Project("{2150E333-8FDC-42A3-9474-1A3956D46DE8}") = "DB 相关", "DB 相关", "{418790B4-35FE-4C71-97CE-925B5ED6EA18}"
EndProject
Project("{2150E333-8FDC-42A3-9474-1A3956D46DE8}") = "小工具", "小工具", "{A833BB7C-055F-44FC-B905-EBF6DFAF9B61}"
EndProject
Project("{FAE04EC0-301F-11D3-BF4B-00C04F79EFBC}") = "CheckWavFile", "CheckWavFile\CheckWavFile.csproj", "{756041F1-CA58-45AA-AADC-A27A91E59135}"
EndProject
Project("{FAE04EC0-301F-11D3-BF4B-00C04F79EFBC}") = "StringTool", "StringTool\StringTool.csproj", "{56C16036-F97A-4FB7-85D7-E943534BD8F3}"
EndProject
Project("{FAE04EC0-301F-11D3-BF4B-00C04F79EFBC}") = "DirectoryFileTool", "DirectoryFileTool\DirectoryFileTool.csproj", "{EC7B41AD-0CDE-4DF6-86B5-90CE13DBCD2A}"
EndProject
Project("{FAE04EC0-301F-11D3-BF4B-00C04F79EFBC}") = "RandomNumber", "RandomNumber\RandomNumber.csproj", "{75717BB1-0CAA-4C14-AEE0-B56897D523E2}"
EndProject
Project("{FAE04EC0-301F-11D3-BF4B-00C04F79EFBC}") = "WebClientTool", "WebClient\WebClientTool.csproj", "{24D63EF5-C2C0-426E-84F1-ECEA6F1743A6}"
EndProject
Project("{FAE04EC0-301F-11D3-BF4B-00C04F79EFBC}") = "MyBrowser", "MyBrowser\MyBrowser.csproj", "{2A975D62-9195-4D1F-8EF5-21DED2426902}"
EndProject
Project("{FAE04EC0-301F-11D3-BF4B-00C04F79EFBC}") = "WordToVoice", "WordToVoice\WordToVoice.csproj", "{9EFE7481-846C-4137-87F9-6E0454D35640}"
EndProject
Project("{FAE04EC0-301F-11D3-BF4B-00C04F79EFBC}") = "CreateBarCoder", "CreateBarCoder\CreateBarCoder.csproj", "{A8E5D1B6-6B98-468D-AC92-E4ABE316E51C}"
EndProject
Project("{FAE04EC0-301F-11D3-BF4B-00C04F79EFBC}") = "DBLite", "DBLite\DBLite.csproj", "{B4F5B830-F9D1-4723-ADD8-120CD48F1D38}"
EndProject
Project("{2150E333-8FDC-42A3-9474-1A3956D46DE8}") = "第三方插件", "第三方插件", "{1261382F-EA65-4DAB-ADF1-E043DBDFF6F5}"
EndProject
Project("{2150E333-8FDC-42A3-9474-1A3956D46DE8}") = "用户控件", "用户控件", "{D33FEDEA-FB63-4A8D-BAC9-A47F80750E9B}"
EndProject
Project("{2150E333-8FDC-42A3-9474-1A3956D46DE8}") = "测试项目", "测试项目", "{B23DFAFC-9E9E-4886-BCE2-A89EE9A45049}"
EndProject
Project("{FAE04EC0-301F-11D3-BF4B-00C04F79EFBC}") = "CreateMouseCursor", "CreateMouseCursor\CreateMouseCursor.csproj", "{4AB9E2FC-AE83-438F-8BD1-2698C9BCAC41}"
EndProject
Project("{FAE04EC0-301F-11D3-BF4B-00C04F79EFBC}") = "MakeEffect", "MakeEffect\MakeEffect.csproj", "{64746C58-AFCF-45B8-89EF-D895044C9E28}"
EndProject
Project("{FAE04EC0-301F-11D3-BF4B-00C04F79EFBC}") = "ControlWndHandle", "ControlWndHandle\ControlWndHandle.csproj", "{DD18D7C3-32ED-44E7-BD11-138C06F5E173}"
EndProject
Project("{FAE04EC0-301F-11D3-BF4B-00C04F79EFBC}") = "TestSocketClient", "TestSocketClient\TestSocketClient.csproj", "{EC284C8A-8B55-4E72-BED7-96430BE6AF91}"
EndProject
Project("{FAE04EC0-301F-11D3-BF4B-00C04F79EFBC}") = "TestSocketServer", "TestSoketServer\TestSocketServer.csproj", "{7B9B4A39-419D-4D3D-A0F0-2D35BC1AAE4B}"
EndProject
Project("{FAE04EC0-301F-11D3-BF4B-00C04F79EFBC}") = "FileWatcher", "FileSystemWatcher\FileWatcher.csproj", "{E515E29F-05D0-4228-AAA0-842ADA224C0F}"
EndProject
Project("{FAE04EC0-301F-11D3-BF4B-00C04F79EFBC}") = "ColorPicker", "ColorPicker\ColorPicker.csproj", "{42BF46E5-322E-4CB8-82F6-20366FB0483A}"
EndProject
Project("{FAE04EC0-301F-11D3-BF4B-00C04F79EFBC}") = "TimeSpanTool", "TimeSpanTool\TimeSpanTool.csproj", "{9ACD2225-836A-459C-8130-79AAAAC46858}"
EndProject
Project("{FAE04EC0-301F-11D3-BF4B-00C04F79EFBC}") = "TestIoc", "TestIoc\TestIoc.csproj", "{6631CED1-308D-4875-9FBB-E90600A68DB4}"
EndProject
Project("{FAE04EC0-301F-11D3-BF4B-00C04F79EFBC}") = "MengXQ.Ioc", "MengXQ.Ioc\MengXQ.Ioc.csproj", "{B8DC104B-C1A5-4E6C-A2B9-6F38494A9D35}"
EndProject
Global
	GlobalSection(SolutionConfigurationPlatforms) = preSolution
		Debug|Any CPU = Debug|Any CPU
		Release|Any CPU = Release|Any CPU
	EndGlobalSection
	GlobalSection(ProjectConfigurationPlatforms) = postSolution
		{0C4A886F-03BB-4E8A-8E0A-F88084E89710}.Debug|Any CPU.ActiveCfg = Debug|Any CPU
		{0C4A886F-03BB-4E8A-8E0A-F88084E89710}.Debug|Any CPU.Build.0 = Debug|Any CPU
		{0C4A886F-03BB-4E8A-8E0A-F88084E89710}.Release|Any CPU.ActiveCfg = Release|Any CPU
		{0C4A886F-03BB-4E8A-8E0A-F88084E89710}.Release|Any CPU.Build.0 = Release|Any CPU
		{3D45F3A1-0D9A-44AA-9FE2-376BD8E67557}.Debug|Any CPU.ActiveCfg = Debug|Any CPU
		{3D45F3A1-0D9A-44AA-9FE2-376BD8E67557}.Debug|Any CPU.Build.0 = Debug|Any CPU
		{3D45F3A1-0D9A-44AA-9FE2-376BD8E67557}.Release|Any CPU.ActiveCfg = Release|Any CPU
		{3D45F3A1-0D9A-44AA-9FE2-376BD8E67557}.Release|Any CPU.Build.0 = Release|Any CPU
		{1751D37F-D94F-49BF-A708-60CE534D9DA4}.Debug|Any CPU.ActiveCfg = Debug|Any CPU
		{1751D37F-D94F-49BF-A708-60CE534D9DA4}.Debug|Any CPU.Build.0 = Debug|Any CPU
		{1751D37F-D94F-49BF-A708-60CE534D9DA4}.Release|Any CPU.ActiveCfg = Release|Any CPU
		{1751D37F-D94F-49BF-A708-60CE534D9DA4}.Release|Any CPU.Build.0 = Release|Any CPU
		{EA7D2C0B-5F9B-458E-81F5-FD00707FEA58}.Debug|Any CPU.ActiveCfg = Debug|Any CPU
		{EA7D2C0B-5F9B-458E-81F5-FD00707FEA58}.Debug|Any CPU.Build.0 = Debug|Any CPU
		{EA7D2C0B-5F9B-458E-81F5-FD00707FEA58}.Release|Any CPU.ActiveCfg = Release|Any CPU
		{EA7D2C0B-5F9B-458E-81F5-FD00707FEA58}.Release|Any CPU.Build.0 = Release|Any CPU
		{525E0B8B-793E-4F69-9F82-28C929CB4DED}.Debug|Any CPU.ActiveCfg = Debug|Any CPU
		{525E0B8B-793E-4F69-9F82-28C929CB4DED}.Debug|Any CPU.Build.0 = Debug|Any CPU
		{525E0B8B-793E-4F69-9F82-28C929CB4DED}.Release|Any CPU.ActiveCfg = Release|Any CPU
		{525E0B8B-793E-4F69-9F82-28C929CB4DED}.Release|Any CPU.Build.0 = Release|Any CPU
		{AB5C86F0-DF6F-4523-9ED1-A504F6F1E057}.Debug|Any CPU.ActiveCfg = Debug|Any CPU
		{AB5C86F0-DF6F-4523-9ED1-A504F6F1E057}.Debug|Any CPU.Build.0 = Debug|Any CPU
		{AB5C86F0-DF6F-4523-9ED1-A504F6F1E057}.Release|Any CPU.ActiveCfg = Release|Any CPU
		{AB5C86F0-DF6F-4523-9ED1-A504F6F1E057}.Release|Any CPU.Build.0 = Release|Any CPU
		{EBF4EA86-918F-4996-BA0B-3F997FC929C3}.Debug|Any CPU.ActiveCfg = Debug|Any CPU
		{EBF4EA86-918F-4996-BA0B-3F997FC929C3}.Debug|Any CPU.Build.0 = Debug|Any CPU
		{EBF4EA86-918F-4996-BA0B-3F997FC929C3}.Release|Any CPU.ActiveCfg = Release|Any CPU
		{EBF4EA86-918F-4996-BA0B-3F997FC929C3}.Release|Any CPU.Build.0 = Release|Any CPU
		{AE54903A-BB13-4EEC-A21C-290CF0FE5DDE}.Debug|Any CPU.ActiveCfg = Debug|Any CPU
		{AE54903A-BB13-4EEC-A21C-290CF0FE5DDE}.Debug|Any CPU.Build.0 = Debug|Any CPU
		{AE54903A-BB13-4EEC-A21C-290CF0FE5DDE}.Release|Any CPU.ActiveCfg = Release|Any CPU
		{AE54903A-BB13-4EEC-A21C-290CF0FE5DDE}.Release|Any CPU.Build.0 = Release|Any CPU
		{756041F1-CA58-45AA-AADC-A27A91E59135}.Debug|Any CPU.ActiveCfg = Debug|Any CPU
		{756041F1-CA58-45AA-AADC-A27A91E59135}.Debug|Any CPU.Build.0 = Debug|Any CPU
		{756041F1-CA58-45AA-AADC-A27A91E59135}.Release|Any CPU.ActiveCfg = Release|Any CPU
		{756041F1-CA58-45AA-AADC-A27A91E59135}.Release|Any CPU.Build.0 = Release|Any CPU
		{56C16036-F97A-4FB7-85D7-E943534BD8F3}.Debug|Any CPU.ActiveCfg = Debug|Any CPU
		{56C16036-F97A-4FB7-85D7-E943534BD8F3}.Debug|Any CPU.Build.0 = Debug|Any CPU
		{56C16036-F97A-4FB7-85D7-E943534BD8F3}.Release|Any CPU.ActiveCfg = Release|Any CPU
		{56C16036-F97A-4FB7-85D7-E943534BD8F3}.Release|Any CPU.Build.0 = Release|Any CPU
		{EC7B41AD-0CDE-4DF6-86B5-90CE13DBCD2A}.Debug|Any CPU.ActiveCfg = Debug|Any CPU
		{EC7B41AD-0CDE-4DF6-86B5-90CE13DBCD2A}.Debug|Any CPU.Build.0 = Debug|Any CPU
		{EC7B41AD-0CDE-4DF6-86B5-90CE13DBCD2A}.Release|Any CPU.ActiveCfg = Release|Any CPU
		{EC7B41AD-0CDE-4DF6-86B5-90CE13DBCD2A}.Release|Any CPU.Build.0 = Release|Any CPU
		{75717BB1-0CAA-4C14-AEE0-B56897D523E2}.Debug|Any CPU.ActiveCfg = Debug|Any CPU
		{75717BB1-0CAA-4C14-AEE0-B56897D523E2}.Debug|Any CPU.Build.0 = Debug|Any CPU
		{75717BB1-0CAA-4C14-AEE0-B56897D523E2}.Release|Any CPU.ActiveCfg = Release|Any CPU
		{75717BB1-0CAA-4C14-AEE0-B56897D523E2}.Release|Any CPU.Build.0 = Release|Any CPU
		{24D63EF5-C2C0-426E-84F1-ECEA6F1743A6}.Debug|Any CPU.ActiveCfg = Debug|Any CPU
		{24D63EF5-C2C0-426E-84F1-ECEA6F1743A6}.Debug|Any CPU.Build.0 = Debug|Any CPU
		{24D63EF5-C2C0-426E-84F1-ECEA6F1743A6}.Release|Any CPU.ActiveCfg = Release|Any CPU
		{24D63EF5-C2C0-426E-84F1-ECEA6F1743A6}.Release|Any CPU.Build.0 = Release|Any CPU
		{2A975D62-9195-4D1F-8EF5-21DED2426902}.Debug|Any CPU.ActiveCfg = Debug|Any CPU
		{2A975D62-9195-4D1F-8EF5-21DED2426902}.Debug|Any CPU.Build.0 = Debug|Any CPU
		{2A975D62-9195-4D1F-8EF5-21DED2426902}.Release|Any CPU.ActiveCfg = Release|Any CPU
		{2A975D62-9195-4D1F-8EF5-21DED2426902}.Release|Any CPU.Build.0 = Release|Any CPU
		{9EFE7481-846C-4137-87F9-6E0454D35640}.Debug|Any CPU.ActiveCfg = Debug|Any CPU
		{9EFE7481-846C-4137-87F9-6E0454D35640}.Debug|Any CPU.Build.0 = Debug|Any CPU
		{9EFE7481-846C-4137-87F9-6E0454D35640}.Release|Any CPU.ActiveCfg = Release|Any CPU
		{9EFE7481-846C-4137-87F9-6E0454D35640}.Release|Any CPU.Build.0 = Release|Any CPU
		{A8E5D1B6-6B98-468D-AC92-E4ABE316E51C}.Debug|Any CPU.ActiveCfg = Debug|Any CPU
		{A8E5D1B6-6B98-468D-AC92-E4ABE316E51C}.Debug|Any CPU.Build.0 = Debug|Any CPU
		{A8E5D1B6-6B98-468D-AC92-E4ABE316E51C}.Release|Any CPU.ActiveCfg = Release|Any CPU
		{A8E5D1B6-6B98-468D-AC92-E4ABE316E51C}.Release|Any CPU.Build.0 = Release|Any CPU
		{B4F5B830-F9D1-4723-ADD8-120CD48F1D38}.Debug|Any CPU.ActiveCfg = Debug|Any CPU
		{B4F5B830-F9D1-4723-ADD8-120CD48F1D38}.Debug|Any CPU.Build.0 = Debug|Any CPU
		{B4F5B830-F9D1-4723-ADD8-120CD48F1D38}.Release|Any CPU.ActiveCfg = Release|Any CPU
		{B4F5B830-F9D1-4723-ADD8-120CD48F1D38}.Release|Any CPU.Build.0 = Release|Any CPU
		{4AB9E2FC-AE83-438F-8BD1-2698C9BCAC41}.Debug|Any CPU.ActiveCfg = Debug|Any CPU
		{4AB9E2FC-AE83-438F-8BD1-2698C9BCAC41}.Debug|Any CPU.Build.0 = Debug|Any CPU
		{4AB9E2FC-AE83-438F-8BD1-2698C9BCAC41}.Release|Any CPU.ActiveCfg = Release|Any CPU
		{4AB9E2FC-AE83-438F-8BD1-2698C9BCAC41}.Release|Any CPU.Build.0 = Release|Any CPU
		{64746C58-AFCF-45B8-89EF-D895044C9E28}.Debug|Any CPU.ActiveCfg = Debug|Any CPU
		{64746C58-AFCF-45B8-89EF-D895044C9E28}.Debug|Any CPU.Build.0 = Debug|Any CPU
		{64746C58-AFCF-45B8-89EF-D895044C9E28}.Release|Any CPU.ActiveCfg = Release|Any CPU
		{64746C58-AFCF-45B8-89EF-D895044C9E28}.Release|Any CPU.Build.0 = Release|Any CPU
		{DD18D7C3-32ED-44E7-BD11-138C06F5E173}.Debug|Any CPU.ActiveCfg = Debug|Any CPU
		{DD18D7C3-32ED-44E7-BD11-138C06F5E173}.Debug|Any CPU.Build.0 = Debug|Any CPU
		{DD18D7C3-32ED-44E7-BD11-138C06F5E173}.Release|Any CPU.ActiveCfg = Release|Any CPU
		{DD18D7C3-32ED-44E7-BD11-138C06F5E173}.Release|Any CPU.Build.0 = Release|Any CPU
		{EC284C8A-8B55-4E72-BED7-96430BE6AF91}.Debug|Any CPU.ActiveCfg = Debug|Any CPU
		{EC284C8A-8B55-4E72-BED7-96430BE6AF91}.Debug|Any CPU.Build.0 = Debug|Any CPU
		{EC284C8A-8B55-4E72-BED7-96430BE6AF91}.Release|Any CPU.ActiveCfg = Release|Any CPU
		{EC284C8A-8B55-4E72-BED7-96430BE6AF91}.Release|Any CPU.Build.0 = Release|Any CPU
		{7B9B4A39-419D-4D3D-A0F0-2D35BC1AAE4B}.Debug|Any CPU.ActiveCfg = Debug|Any CPU
		{7B9B4A39-419D-4D3D-A0F0-2D35BC1AAE4B}.Debug|Any CPU.Build.0 = Debug|Any CPU
		{7B9B4A39-419D-4D3D-A0F0-2D35BC1AAE4B}.Release|Any CPU.ActiveCfg = Release|Any CPU
		{7B9B4A39-419D-4D3D-A0F0-2D35BC1AAE4B}.Release|Any CPU.Build.0 = Release|Any CPU
		{E515E29F-05D0-4228-AAA0-842ADA224C0F}.Debug|Any CPU.ActiveCfg = Debug|Any CPU
		{E515E29F-05D0-4228-AAA0-842ADA224C0F}.Debug|Any CPU.Build.0 = Debug|Any CPU
		{E515E29F-05D0-4228-AAA0-842ADA224C0F}.Release|Any CPU.ActiveCfg = Release|Any CPU
		{E515E29F-05D0-4228-AAA0-842ADA224C0F}.Release|Any CPU.Build.0 = Release|Any CPU
		{42BF46E5-322E-4CB8-82F6-20366FB0483A}.Debug|Any CPU.ActiveCfg = Debug|Any CPU
		{42BF46E5-322E-4CB8-82F6-20366FB0483A}.Debug|Any CPU.Build.0 = Debug|Any CPU
		{42BF46E5-322E-4CB8-82F6-20366FB0483A}.Release|Any CPU.ActiveCfg = Release|Any CPU
		{42BF46E5-322E-4CB8-82F6-20366FB0483A}.Release|Any CPU.Build.0 = Release|Any CPU
		{9ACD2225-836A-459C-8130-79AAAAC46858}.Debug|Any CPU.ActiveCfg = Debug|Any CPU
		{9ACD2225-836A-459C-8130-79AAAAC46858}.Debug|Any CPU.Build.0 = Debug|Any CPU
		{9ACD2225-836A-459C-8130-79AAAAC46858}.Release|Any CPU.ActiveCfg = Release|Any CPU
		{9ACD2225-836A-459C-8130-79AAAAC46858}.Release|Any CPU.Build.0 = Release|Any CPU
		{6631CED1-308D-4875-9FBB-E90600A68DB4}.Debug|Any CPU.ActiveCfg = Debug|Any CPU
		{6631CED1-308D-4875-9FBB-E90600A68DB4}.Debug|Any CPU.Build.0 = Debug|Any CPU
		{6631CED1-308D-4875-9FBB-E90600A68DB4}.Release|Any CPU.ActiveCfg = Release|Any CPU
		{6631CED1-308D-4875-9FBB-E90600A68DB4}.Release|Any CPU.Build.0 = Release|Any CPU
		{B8DC104B-C1A5-4E6C-A2B9-6F38494A9D35}.Debug|Any CPU.ActiveCfg = Debug|Any CPU
		{B8DC104B-C1A5-4E6C-A2B9-6F38494A9D35}.Debug|Any CPU.Build.0 = Debug|Any CPU
		{B8DC104B-C1A5-4E6C-A2B9-6F38494A9D35}.Release|Any CPU.ActiveCfg = Release|Any CPU
		{B8DC104B-C1A5-4E6C-A2B9-6F38494A9D35}.Release|Any CPU.Build.0 = Release|Any CPU
	EndGlobalSection
	GlobalSection(SolutionProperties) = preSolution
		HideSolutionNode = FALSE
	EndGlobalSection
	GlobalSection(NestedProjects) = preSolution
		{0C4A886F-03BB-4E8A-8E0A-F88084E89710} = {B23DFAFC-9E9E-4886-BCE2-A89EE9A45049}
		{3D45F3A1-0D9A-44AA-9FE2-376BD8E67557} = {418790B4-35FE-4C71-97CE-925B5ED6EA18}
		{EA7D2C0B-5F9B-458E-81F5-FD00707FEA58} = {418790B4-35FE-4C71-97CE-925B5ED6EA18}
		{525E0B8B-793E-4F69-9F82-28C929CB4DED} = {418790B4-35FE-4C71-97CE-925B5ED6EA18}
		{AB5C86F0-DF6F-4523-9ED1-A504F6F1E057} = {D33FEDEA-FB63-4A8D-BAC9-A47F80750E9B}
		{EBF4EA86-918F-4996-BA0B-3F997FC929C3} = {1261382F-EA65-4DAB-ADF1-E043DBDFF6F5}
		{AE54903A-BB13-4EEC-A21C-290CF0FE5DDE} = {A833BB7C-055F-44FC-B905-EBF6DFAF9B61}
		{756041F1-CA58-45AA-AADC-A27A91E59135} = {A833BB7C-055F-44FC-B905-EBF6DFAF9B61}
		{56C16036-F97A-4FB7-85D7-E943534BD8F3} = {A833BB7C-055F-44FC-B905-EBF6DFAF9B61}
		{EC7B41AD-0CDE-4DF6-86B5-90CE13DBCD2A} = {A833BB7C-055F-44FC-B905-EBF6DFAF9B61}
		{75717BB1-0CAA-4C14-AEE0-B56897D523E2} = {A833BB7C-055F-44FC-B905-EBF6DFAF9B61}
		{24D63EF5-C2C0-426E-84F1-ECEA6F1743A6} = {A833BB7C-055F-44FC-B905-EBF6DFAF9B61}
		{2A975D62-9195-4D1F-8EF5-21DED2426902} = {A833BB7C-055F-44FC-B905-EBF6DFAF9B61}
		{9EFE7481-846C-4137-87F9-6E0454D35640} = {A833BB7C-055F-44FC-B905-EBF6DFAF9B61}
		{A8E5D1B6-6B98-468D-AC92-E4ABE316E51C} = {A833BB7C-055F-44FC-B905-EBF6DFAF9B61}
		{B4F5B830-F9D1-4723-ADD8-120CD48F1D38} = {418790B4-35FE-4C71-97CE-925B5ED6EA18}
		{4AB9E2FC-AE83-438F-8BD1-2698C9BCAC41} = {A833BB7C-055F-44FC-B905-EBF6DFAF9B61}
		{64746C58-AFCF-45B8-89EF-D895044C9E28} = {A833BB7C-055F-44FC-B905-EBF6DFAF9B61}
		{DD18D7C3-32ED-44E7-BD11-138C06F5E173} = {A833BB7C-055F-44FC-B905-EBF6DFAF9B61}
		{EC284C8A-8B55-4E72-BED7-96430BE6AF91} = {A833BB7C-055F-44FC-B905-EBF6DFAF9B61}
		{7B9B4A39-419D-4D3D-A0F0-2D35BC1AAE4B} = {A833BB7C-055F-44FC-B905-EBF6DFAF9B61}
		{E515E29F-05D0-4228-AAA0-842ADA224C0F} = {A833BB7C-055F-44FC-B905-EBF6DFAF9B61}
		{42BF46E5-322E-4CB8-82F6-20366FB0483A} = {A833BB7C-055F-44FC-B905-EBF6DFAF9B61}
		{9ACD2225-836A-459C-8130-79AAAAC46858} = {A833BB7C-055F-44FC-B905-EBF6DFAF9B61}
		{6631CED1-308D-4875-9FBB-E90600A68DB4} = {B23DFAFC-9E9E-4886-BCE2-A89EE9A45049}
		{B8DC104B-C1A5-4E6C-A2B9-6F38494A9D35} = {B23DFAFC-9E9E-4886-BCE2-A89EE9A45049}
	EndGlobalSection
	GlobalSection(ExtensibilityGlobals) = postSolution
		SolutionGuid = {FB3E6BB7-9BD9-4019-B092-59E1ABD15CF8}
	EndGlobalSection
EndGlobal
